
Microsoft Visual Studio Solution File, Format Version 12.00
# Visual Studio Version 17
VisualStudioVersion = 17.6.33723.286
MinimumVisualStudioVersion = 10.0.40219.1
Project("{9A19103F-16F7-4668-BE54-9A1E7A4F7556}") = "Harmonia.Core", "Harmonia.Core\Harmonia.Core.csproj", "{62053AA1-C68C-4499-B2F9-B4D4667C9833}"
EndProject
Project("{9A19103F-16F7-4668-BE54-9A1E7A4F7556}") = "Harmonia.RCL", "Harmonia.RCL\Harmonia.RCL.csproj", "{1F088538-108D-43F5-A299-3469EA33E28A}"
EndProject
Project("{2150E333-8FDC-42A3-9474-1A3956D46DE8}") = "samples", "samples", "{AF415FFE-26ED-46DF-93E3-A62FC1EE84A2}"
EndProject
Project("{9A19103F-16F7-4668-BE54-9A1E7A4F7556}") = "MockCLI", "samples\MockCLI\MockCLI.csproj", "{76460FDB-5D72-429D-9775-EE75FABBE250}"
EndProject
Project("{FAE04EC0-301F-11D3-BF4B-00C04F79EFBC}") = "LocalServerSampleApp", "samples\LocalServerSampleApp\LocalServerSampleApp.csproj", "{548D9D22-D1DC-48EC-985E-4BA419384F5A}"
EndProject
Global
	GlobalSection(SolutionConfigurationPlatforms) = preSolution
		Debug|Any CPU = Debug|Any CPU
		Release|Any CPU = Release|Any CPU
	EndGlobalSection
	GlobalSection(ProjectConfigurationPlatforms) = postSolution
		{62053AA1-C68C-4499-B2F9-B4D4667C9833}.Debug|Any CPU.ActiveCfg = Debug|Any CPU
		{62053AA1-C68C-4499-B2F9-B4D4667C9833}.Debug|Any CPU.Build.0 = Debug|Any CPU
		{62053AA1-C68C-4499-B2F9-B4D4667C9833}.Release|Any CPU.ActiveCfg = Release|Any CPU
		{62053AA1-C68C-4499-B2F9-B4D4667C9833}.Release|Any CPU.Build.0 = Release|Any CPU
		{1F088538-108D-43F5-A299-3469EA33E28A}.Debug|Any CPU.ActiveCfg = Debug|Any CPU
		{1F088538-108D-43F5-A299-3469EA33E28A}.Debug|Any CPU.Build.0 = Debug|Any CPU
		{1F088538-108D-43F5-A299-3469EA33E28A}.Release|Any CPU.ActiveCfg = Release|Any CPU
		{1F088538-108D-43F5-A299-3469EA33E28A}.Release|Any CPU.Build.0 = Release|Any CPU
		{76460FDB-5D72-429D-9775-EE75FABBE250}.Debug|Any CPU.ActiveCfg = Debug|Any CPU
		{76460FDB-5D72-429D-9775-EE75FABBE250}.Debug|Any CPU.Build.0 = Debug|Any CPU
		{76460FDB-5D72-429D-9775-EE75FABBE250}.Release|Any CPU.ActiveCfg = Release|Any CPU
		{76460FDB-5D72-429D-9775-EE75FABBE250}.Release|Any CPU.Build.0 = Release|Any CPU
		{548D9D22-D1DC-48EC-985E-4BA419384F5A}.Debug|Any CPU.ActiveCfg = Debug|Any CPU
		{548D9D22-D1DC-48EC-985E-4BA419384F5A}.Debug|Any CPU.Build.0 = Debug|Any CPU
		{548D9D22-D1DC-48EC-985E-4BA419384F5A}.Release|Any CPU.ActiveCfg = Release|Any CPU
		{548D9D22-D1DC-48EC-985E-4BA419384F5A}.Release|Any CPU.Build.0 = Release|Any CPU
	EndGlobalSection
	GlobalSection(SolutionProperties) = preSolution
		HideSolutionNode = FALSE
	EndGlobalSection
	GlobalSection(NestedProjects) = preSolution
		{76460FDB-5D72-429D-9775-EE75FABBE250} = {AF415FFE-26ED-46DF-93E3-A62FC1EE84A2}
		{548D9D22-D1DC-48EC-985E-4BA419384F5A} = {AF415FFE-26ED-46DF-93E3-A62FC1EE84A2}
	EndGlobalSection
	GlobalSection(ExtensibilityGlobals) = postSolution
		SolutionGuid = {02C55F6F-9848-4488-9752-6E5F7346434F}
	EndGlobalSection
EndGlobal
